{
  "name": "chapter29",
  "lockfileVersion": 3,
  "requires": true,
  "packages": {
    "": {
      "dependencies": {
        "@js-primer/hello-world": "^1.0.0"
      }
    },
    "node_modules/@js-primer/hello-world": {
      "version": "1.0.0",
      "resolved": "https://registry.npmjs.org/@js-primer/hello-world/-/hello-world-1.0.0.tgz",
      "integrity": "sha512-T5YifKwr7NLVKIhoW1mFbrIWNHVBS+dphenCj06wFmkulZqTNOGjjx1t0vQ2QoL/AU/zw9DL9Ju8XK7adh3cHQ==",
      "bin": {
        "js-primer-hello-world": "index.js"
      }
    }
  }
}
